
Microsoft Visual Studio Solution File, Format Version 12.00
# Visual Studio 15
VisualStudioVersion = 15.0.28307.572
MinimumVisualStudioVersion = 10.0.40219.1
Project("{9A19103F-16F7-4668-BE54-9A1E7A4F7556}") = "Com.Ag.Service.Auth.Lib", "Com.Ag.Service.Auth.Lib\Com.Ag.Service.Auth.Lib.csproj", "{0484A6B8-5A70-4BF0-85C4-0802F7C5F109}"
EndProject
Project("{9A19103F-16F7-4668-BE54-9A1E7A4F7556}") = "Com.Ag.Service.Auth.Test", "Com.Ag.Service.Auth.Test\Com.Ag.Service.Auth.Test.csproj", "{191B01C5-901B-4958-BDC1-6944467D6878}"
EndProject
Project("{9A19103F-16F7-4668-BE54-9A1E7A4F7556}") = "Com.Ag.Service.Auth.WebApi", "Com.Ag.Service.Auth.WebApi\Com.Ag.Service.Auth.WebApi.csproj", "{43098A85-89BF-41D0-ADCE-ABC199C16627}"
EndProject
Global
	GlobalSection(SolutionConfigurationPlatforms) = preSolution
		Debug|Any CPU = Debug|Any CPU
		Release|Any CPU = Release|Any CPU
	EndGlobalSection
	GlobalSection(ProjectConfigurationPlatforms) = postSolution
		{0484A6B8-5A70-4BF0-85C4-0802F7C5F109}.Debug|Any CPU.ActiveCfg = Debug|Any CPU
		{0484A6B8-5A70-4BF0-85C4-0802F7C5F109}.Debug|Any CPU.Build.0 = Debug|Any CPU
		{0484A6B8-5A70-4BF0-85C4-0802F7C5F109}.Release|Any CPU.ActiveCfg = Release|Any CPU
		{0484A6B8-5A70-4BF0-85C4-0802F7C5F109}.Release|Any CPU.Build.0 = Release|Any CPU
		{191B01C5-901B-4958-BDC1-6944467D6878}.Debug|Any CPU.ActiveCfg = Debug|Any CPU
		{191B01C5-901B-4958-BDC1-6944467D6878}.Debug|Any CPU.Build.0 = Debug|Any CPU
		{191B01C5-901B-4958-BDC1-6944467D6878}.Release|Any CPU.ActiveCfg = Release|Any CPU
		{191B01C5-901B-4958-BDC1-6944467D6878}.Release|Any CPU.Build.0 = Release|Any CPU
		{43098A85-89BF-41D0-ADCE-ABC199C16627}.Debug|Any CPU.ActiveCfg = Debug|Any CPU
		{43098A85-89BF-41D0-ADCE-ABC199C16627}.Debug|Any CPU.Build.0 = Debug|Any CPU
		{43098A85-89BF-41D0-ADCE-ABC199C16627}.Release|Any CPU.ActiveCfg = Release|Any CPU
		{43098A85-89BF-41D0-ADCE-ABC199C16627}.Release|Any CPU.Build.0 = Release|Any CPU
	EndGlobalSection
	GlobalSection(SolutionProperties) = preSolution
		HideSolutionNode = FALSE
	EndGlobalSection
	GlobalSection(ExtensibilityGlobals) = postSolution
		SolutionGuid = {6C324128-5473-4B1B-9457-E4FA570CC142}
	EndGlobalSection
EndGlobal
